
Microsoft Visual Studio Solution File, Format Version 12.00
# Visual Studio Version 17
VisualStudioVersion = 17.6.33927.249
MinimumVisualStudioVersion = 10.0.40219.1
Project("{FAE04EC0-301F-11D3-BF4B-00C04F79EFBC}") = "Presentacion", "Presentacion\Presentacion.csproj", "{8FAABF0F-8058-48D1-8A27-DA525544EECB}"
EndProject
Project("{FAE04EC0-301F-11D3-BF4B-00C04F79EFBC}") = "dominio", "dominio\dominio.csproj", "{52FCCD5D-5C69-41CB-8B17-98D0B5D1D3C7}"
EndProject
Project("{FAE04EC0-301F-11D3-BF4B-00C04F79EFBC}") = "negocio", "negocio\negocio.csproj", "{FEE4EBC1-B169-4228-9254-459BCADE9750}"
EndProject
Global
	GlobalSection(SolutionConfigurationPlatforms) = preSolution
		Debug|Any CPU = Debug|Any CPU
		Release|Any CPU = Release|Any CPU
	EndGlobalSection
	GlobalSection(ProjectConfigurationPlatforms) = postSolution
		{8FAABF0F-8058-48D1-8A27-DA525544EECB}.Debug|Any CPU.ActiveCfg = Debug|Any CPU
		{8FAABF0F-8058-48D1-8A27-DA525544EECB}.Debug|Any CPU.Build.0 = Debug|Any CPU
		{8FAABF0F-8058-48D1-8A27-DA525544EECB}.Release|Any CPU.ActiveCfg = Release|Any CPU
		{8FAABF0F-8058-48D1-8A27-DA525544EECB}.Release|Any CPU.Build.0 = Release|Any CPU
		{52FCCD5D-5C69-41CB-8B17-98D0B5D1D3C7}.Debug|Any CPU.ActiveCfg = Debug|Any CPU
		{52FCCD5D-5C69-41CB-8B17-98D0B5D1D3C7}.Debug|Any CPU.Build.0 = Debug|Any CPU
		{52FCCD5D-5C69-41CB-8B17-98D0B5D1D3C7}.Release|Any CPU.ActiveCfg = Release|Any CPU
		{52FCCD5D-5C69-41CB-8B17-98D0B5D1D3C7}.Release|Any CPU.Build.0 = Release|Any CPU
		{FEE4EBC1-B169-4228-9254-459BCADE9750}.Debug|Any CPU.ActiveCfg = Debug|Any CPU
		{FEE4EBC1-B169-4228-9254-459BCADE9750}.Debug|Any CPU.Build.0 = Debug|Any CPU
		{FEE4EBC1-B169-4228-9254-459BCADE9750}.Release|Any CPU.ActiveCfg = Release|Any CPU
		{FEE4EBC1-B169-4228-9254-459BCADE9750}.Release|Any CPU.Build.0 = Release|Any CPU
	EndGlobalSection
	GlobalSection(SolutionProperties) = preSolution
		HideSolutionNode = FALSE
	EndGlobalSection
	GlobalSection(ExtensibilityGlobals) = postSolution
		SolutionGuid = {9746CFE3-6A60-4442-A5C5-A9B70E32940F}
	EndGlobalSection
EndGlobal
